
Microsoft Visual Studio Solution File, Format Version 12.00
# Visual Studio Version 16
VisualStudioVersion = 16.0.29418.71
MinimumVisualStudioVersion = 10.0.40219.1
Project("{FAE04EC0-301F-11D3-BF4B-00C04F79EFBC}") = "TelegramBot1", "TelegramBot1.csproj", "{F670BA33-8BA7-45CD-A742-26A5B3429FC4}"
EndProject
Global
	GlobalSection(SolutionConfigurationPlatforms) = preSolution
		Debug|Any CPU = Debug|Any CPU
		Release|Any CPU = Release|Any CPU
	EndGlobalSection
	GlobalSection(ProjectConfigurationPlatforms) = postSolution
		{F670BA33-8BA7-45CD-A742-26A5B3429FC4}.Debug|Any CPU.ActiveCfg = Debug|Any CPU
		{F670BA33-8BA7-45CD-A742-26A5B3429FC4}.Debug|Any CPU.Build.0 = Debug|Any CPU
		{F670BA33-8BA7-45CD-A742-26A5B3429FC4}.Release|Any CPU.ActiveCfg = Release|Any CPU
		{F670BA33-8BA7-45CD-A742-26A5B3429FC4}.Release|Any CPU.Build.0 = Release|Any CPU
	EndGlobalSection
	GlobalSection(SolutionProperties) = preSolution
		HideSolutionNode = FALSE
	EndGlobalSection
	GlobalSection(ExtensibilityGlobals) = postSolution
		SolutionGuid = {D51C5FC2-0F8E-4A21-A143-F89EA11F3171}
	EndGlobalSection
EndGlobal
